# THIS IS AN AUTOGENERATED FILE. DO NOT EDIT THIS FILE DIRECTLY.
# yarn lockfile v1


"@aws-cdk/assets@^0.39.0":
  version "0.39.0"
  resolved "https://registry.yarnpkg.com/@aws-cdk/assets/-/assets-0.39.0.tgz#d864bf78bceb54f3a25364111fcec790b573bc2d"
  integrity sha512-/BhVtXJJq/trMhgadl1wJViFedMgti6o98HBMWvanuTzBqBkxWcp+3bkRWLKycXyQWf/akFvZVPqcKfhnjp0XQ==
  dependencies:
    "@aws-cdk/core" "^0.39.0"
    "@aws-cdk/cx-api" "^0.39.0"
    minimatch "^3.0.4"

"@aws-cdk/aws-apigateway@^0.39.0":
  version "0.39.0"
  resolved "https://registry.yarnpkg.com/@aws-cdk/aws-apigateway/-/aws-apigateway-0.39.0.tgz#7ff31d44bfbfe0899dce1f059e7cb4283b6b4ba7"
  integrity sha512-gC1/GVU5/SdwkTCSTFGxwDGt9ONE85ayP6hlaOJ2Hf6SdeJlYd5t5a8R2fH/m7GDHSswPO6tJ0CmOntxmF2H4w==
  dependencies:
    "@aws-cdk/aws-certificatemanager" "^0.39.0"
    "@aws-cdk/aws-elasticloadbalancingv2" "^0.39.0"
    "@aws-cdk/aws-iam" "^0.39.0"
    "@aws-cdk/aws-lambda" "^0.39.0"
    "@aws-cdk/core" "^0.39.0"

"@aws-cdk/aws-applicationautoscaling@^0.39.0":
  version "0.39.0"
  resolved "https://registry.yarnpkg.com/@aws-cdk/aws-applicationautoscaling/-/aws-applicationautoscaling-0.39.0.tgz#4cdb8af7d3a10e19a08b7dff64ec96ab57857bd3"
  integrity sha512-cYijoHxOZoHpmcZiEeik1N+8CVEvywWKEIFPJ14r8vR0UELoO/qDYZt82y0wICTBaRo9BSmuK5Khw7nRDUSKkg==
  dependencies:
    "@aws-cdk/aws-autoscaling-common" "^0.39.0"
    "@aws-cdk/aws-cloudwatch" "^0.39.0"
    "@aws-cdk/aws-iam" "^0.39.0"
    "@aws-cdk/core" "^0.39.0"

"@aws-cdk/aws-autoscaling-common@^0.39.0":
  version "0.39.0"
  resolved "https://registry.yarnpkg.com/@aws-cdk/aws-autoscaling-common/-/aws-autoscaling-common-0.39.0.tgz#5942f71d61e19f1f5f98a8a17331cf76adc58bbd"
  integrity sha512-S+l++ARjk/jVYoTeu/VlL7arVZGjJ1Fv0JZzX7OIDR0ZSe9Jei+Dhyb948U8MeplBnr5h1/dJud54BlIBTca0Q==
  dependencies:
    "@aws-cdk/aws-iam" "^0.39.0"
    "@aws-cdk/core" "^0.39.0"

"@aws-cdk/aws-autoscaling-hooktargets@^0.39.0":
  version "0.39.0"
  resolved "https://registry.yarnpkg.com/@aws-cdk/aws-autoscaling-hooktargets/-/aws-autoscaling-hooktargets-0.39.0.tgz#a73b791a49f1fcf1123187c2b1832edb8f4b3c18"
  integrity sha512-bQZ0wLxxRHXJIV8xrrai5JSGtPqpwFrhhH8sowDI5B5S10c2sjaDf3gq/Jn0E/tFKf+/L21i2k/pdmMA2TvY9Q==
  dependencies:
    "@aws-cdk/aws-autoscaling" "^0.39.0"
    "@aws-cdk/aws-iam" "^0.39.0"
    "@aws-cdk/aws-lambda" "^0.39.0"
    "@aws-cdk/aws-sns" "^0.39.0"
    "@aws-cdk/aws-sns-subscriptions" "^0.39.0"
    "@aws-cdk/aws-sqs" "^0.39.0"
    "@aws-cdk/core" "^0.39.0"

"@aws-cdk/aws-autoscaling@^0.39.0":
  version "0.39.0"
  resolved "https://registry.yarnpkg.com/@aws-cdk/aws-autoscaling/-/aws-autoscaling-0.39.0.tgz#9c6093e0ff1a30bf976ea170d9448ff61d982a85"
  integrity sha512-4GlIU4iHJMAhRGvk4d9vHb+2TM2lK8EIeEZ2wH17UxEEq1yKT7Sp0IAnAEbceJC5mLNXEIQYzs00NmhdettnKQ==
  dependencies:
    "@aws-cdk/aws-autoscaling-common" "^0.39.0"
    "@aws-cdk/aws-cloudwatch" "^0.39.0"
    "@aws-cdk/aws-ec2" "^0.39.0"
    "@aws-cdk/aws-elasticloadbalancing" "^0.39.0"
    "@aws-cdk/aws-elasticloadbalancingv2" "^0.39.0"
    "@aws-cdk/aws-iam" "^0.39.0"
    "@aws-cdk/aws-sns" "^0.39.0"
    "@aws-cdk/core" "^0.39.0"

"@aws-cdk/aws-certificatemanager@^0.39.0":
  version "0.39.0"
  resolved "https://registry.yarnpkg.com/@aws-cdk/aws-certificatemanager/-/aws-certificatemanager-0.39.0.tgz#34dc3b8bea00d0e02974fc4b3da06bfd33c5dac1"
  integrity sha512-6dg2KkvnInR4vjBApIUuVb8f+/DDZaiaZjVgTNxXEH0E2CL3+WMjhy3fHMINmqMhA1Ymfzlfu3KUTf71n5PEMA==
  dependencies:
    "@aws-cdk/aws-cloudformation" "^0.39.0"
    "@aws-cdk/aws-iam" "^0.39.0"
    "@aws-cdk/aws-lambda" "^0.39.0"
    "@aws-cdk/aws-route53" "^0.39.0"
    "@aws-cdk/core" "^0.39.0"

"@aws-cdk/aws-cloudformation@^0.39.0":
  version "0.39.0"
  resolved "https://registry.yarnpkg.com/@aws-cdk/aws-cloudformation/-/aws-cloudformation-0.39.0.tgz#a1a68ce7f050cc308232f6f1bbabd1b68666565d"
  integrity sha512-8yFJINh7u7RcYAun4N5q23M6m1JlZQ+yxS9ZWTmXApfbaDdbEGqj7gDh4KPEu1zKzbfrpWKNn0xhXRUhPnInGQ==
  dependencies:
    "@aws-cdk/aws-iam" "^0.39.0"
    "@aws-cdk/aws-lambda" "^0.39.0"
    "@aws-cdk/aws-sns" "^0.39.0"
    "@aws-cdk/core" "^0.39.0"

"@aws-cdk/aws-cloudfront@^0.39.0":
  version "0.39.0"
  resolved "https://registry.yarnpkg.com/@aws-cdk/aws-cloudfront/-/aws-cloudfront-0.39.0.tgz#25244fc294ef200df7022ce8449793e6d56980aa"
  integrity sha512-LbtsyWOh14hBVuOCFOpu+6M0vwDrBuq5fYE5wYLRuxqiWElNZQCZWvNI3wp/86wK6S0/yewi9Ug7I5cOJ2hzjA==
  dependencies:
    "@aws-cdk/aws-certificatemanager" "^0.39.0"
    "@aws-cdk/aws-iam" "^0.39.0"
    "@aws-cdk/aws-kms" "^0.39.0"
    "@aws-cdk/aws-lambda" "^0.39.0"
    "@aws-cdk/aws-s3" "^0.39.0"
    "@aws-cdk/core" "^0.39.0"

"@aws-cdk/aws-cloudwatch@^0.39.0":
  version "0.39.0"
  resolved "https://registry.yarnpkg.com/@aws-cdk/aws-cloudwatch/-/aws-cloudwatch-0.39.0.tgz#8b890d95f530e6df6c259c6c6082aa2ad6498599"
  integrity sha512-3nL6RcIBmWsXoDkk1SyX545e5TfZLtXuLm091x4GqSqeMmfupy1bD1WLgVLYIWw4hH9nN/C3wkiduPfrUAKaqQ==
  dependencies:
    "@aws-cdk/aws-iam" "^0.39.0"
    "@aws-cdk/core" "^0.39.0"

"@aws-cdk/aws-ec2@^0.39.0":
  version "0.39.0"
  resolved "https://registry.yarnpkg.com/@aws-cdk/aws-ec2/-/aws-ec2-0.39.0.tgz#8e121383e8941bcad26b202401dbfc911af6eb9f"
  integrity sha512-TtEzgtjNPkPtkonTl44YOkOM2AUjyEQrqd8PnB7apG1Y7UWx+Z63LCqd329hmkkeluN9DwUDJ5qE0GLXhVCwiw==
  dependencies:
    "@aws-cdk/aws-cloudwatch" "^0.39.0"
    "@aws-cdk/aws-iam" "^0.39.0"
    "@aws-cdk/aws-ssm" "^0.39.0"
    "@aws-cdk/core" "^0.39.0"
    "@aws-cdk/cx-api" "^0.39.0"

"@aws-cdk/aws-ecr-assets@^0.39.0":
  version "0.39.0"
  resolved "https://registry.yarnpkg.com/@aws-cdk/aws-ecr-assets/-/aws-ecr-assets-0.39.0.tgz#0a9b19366742b7f7cbe032a643e6a3bb58f71b3a"
  integrity sha512-XswjdAT5b/0DZYyM8elx77U322S8WzKCk35O2Q5Xd6dEQQiAN41u762pT7qjUHVUgXhKVU3P/7qqRGkDBpXZnw==
  dependencies:
    "@aws-cdk/assets" "^0.39.0"
    "@aws-cdk/aws-cloudformation" "^0.39.0"
    "@aws-cdk/aws-ecr" "^0.39.0"
    "@aws-cdk/aws-iam" "^0.39.0"
    "@aws-cdk/aws-lambda" "^0.39.0"
    "@aws-cdk/aws-s3" "^0.39.0"
    "@aws-cdk/core" "^0.39.0"
    "@aws-cdk/cx-api" "^0.39.0"

"@aws-cdk/aws-ecr@^0.39.0":
  version "0.39.0"
  resolved "https://registry.yarnpkg.com/@aws-cdk/aws-ecr/-/aws-ecr-0.39.0.tgz#dde89bb07eba42d0f03257674534ebceb7b907e2"
  integrity sha512-udpUhAXZby+WNyAfMyXtd6cKB+ezxMCDVfIgU3e0qKAJIZtPzXzkVzJyziV9+WeFE0CfRN+7RvNk3rmI5LE/zw==
  dependencies:
    "@aws-cdk/aws-events" "^0.39.0"
    "@aws-cdk/aws-iam" "^0.39.0"
    "@aws-cdk/core" "^0.39.0"

"@aws-cdk/aws-ecs@^0.39.0":
  version "0.39.0"
  resolved "https://registry.yarnpkg.com/@aws-cdk/aws-ecs/-/aws-ecs-0.39.0.tgz#fafbbdf0bd526dc1ae5147ddebd99a94c651193a"
  integrity sha512-Ld9CqzNw2rkG3cxudKx0eV7Gemay2k+c3BQvFLYLUPBFHAwWhJEDSlOUPPjjF34tI0JKwqDie3ZMRH+zfj03jw==
  dependencies:
    "@aws-cdk/aws-applicationautoscaling" "^0.39.0"
    "@aws-cdk/aws-autoscaling" "^0.39.0"
    "@aws-cdk/aws-autoscaling-hooktargets" "^0.39.0"
    "@aws-cdk/aws-certificatemanager" "^0.39.0"
    "@aws-cdk/aws-cloudformation" "^0.39.0"
    "@aws-cdk/aws-cloudwatch" "^0.39.0"
    "@aws-cdk/aws-ec2" "^0.39.0"
    "@aws-cdk/aws-ecr" "^0.39.0"
    "@aws-cdk/aws-ecr-assets" "^0.39.0"
    "@aws-cdk/aws-elasticloadbalancing" "^0.39.0"
    "@aws-cdk/aws-elasticloadbalancingv2" "^0.39.0"
    "@aws-cdk/aws-iam" "^0.39.0"
    "@aws-cdk/aws-lambda" "^0.39.0"
    "@aws-cdk/aws-logs" "^0.39.0"
    "@aws-cdk/aws-route53" "^0.39.0"
    "@aws-cdk/aws-route53-targets" "^0.39.0"
    "@aws-cdk/aws-secretsmanager" "^0.39.0"
    "@aws-cdk/aws-servicediscovery" "^0.39.0"
    "@aws-cdk/aws-sns" "^0.39.0"
    "@aws-cdk/aws-sqs" "^0.39.0"
    "@aws-cdk/aws-ssm" "^0.39.0"
    "@aws-cdk/core" "^0.39.0"
    "@aws-cdk/cx-api" "^0.39.0"

"@aws-cdk/aws-elasticloadbalancing@^0.39.0":
  version "0.39.0"
  resolved "https://registry.yarnpkg.com/@aws-cdk/aws-elasticloadbalancing/-/aws-elasticloadbalancing-0.39.0.tgz#4340936b76aaf9e0a7602aef84c754924bcd0a84"
  integrity sha512-r1uyHJ2oOpEWRrgsPSmrLi2FYRrxt0/C5eYoe3JNz3uhCPJSQW/AXME9SyKTXi3YcKEw4Vr0aLqbI8nF6/9qfA==
  dependencies:
    "@aws-cdk/aws-ec2" "^0.39.0"
    "@aws-cdk/core" "^0.39.0"

"@aws-cdk/aws-elasticloadbalancingv2@^0.39.0":
  version "0.39.0"
  resolved "https://registry.yarnpkg.com/@aws-cdk/aws-elasticloadbalancingv2/-/aws-elasticloadbalancingv2-0.39.0.tgz#d67ecd29cd8379880c997a34928fce7cd8380626"
  integrity sha512-YzWTgFQQecRYeV5SfP+HJ9Ob1GBBxIUaARG2s8Q9JWnIe32pnEeaGTafg3LqJenymxfJKcgwaukYMM5CuqBTgw==
  dependencies:
    "@aws-cdk/aws-certificatemanager" "^0.39.0"
    "@aws-cdk/aws-cloudwatch" "^0.39.0"
    "@aws-cdk/aws-ec2" "^0.39.0"
    "@aws-cdk/aws-iam" "^0.39.0"
    "@aws-cdk/aws-s3" "^0.39.0"
    "@aws-cdk/core" "^0.39.0"

"@aws-cdk/aws-events@^0.39.0":
  version "0.39.0"
  resolved "https://registry.yarnpkg.com/@aws-cdk/aws-events/-/aws-events-0.39.0.tgz#78403fcdfdb610a7715f12d0f2a97eae40f3410b"
  integrity sha512-LqHrBAqZAzEKCo+OkdfMc5JFoER6JrJxuiCQ27CuzaBxybXWKTk10ykBint2uD1pSNS06OXxDv/LXAqrUxRbuw==
  dependencies:
    "@aws-cdk/aws-iam" "^0.39.0"
    "@aws-cdk/core" "^0.39.0"

"@aws-cdk/aws-iam@^0.39.0":
  version "0.39.0"
  resolved "https://registry.yarnpkg.com/@aws-cdk/aws-iam/-/aws-iam-0.39.0.tgz#98bee76694d138fdd771803f270c5443ef3b8519"
  integrity sha512-2AXcRbEilC6UUYB/+6rASFkgwfL63etw5XWr2cvqom73/oa8QvsQXql6lvBXO3hXRwQlwB/brCcL25TWb1ePTg==
  dependencies:
    "@aws-cdk/core" "^0.39.0"
    "@aws-cdk/region-info" "^0.39.0"

"@aws-cdk/aws-kms@^0.39.0":
  version "0.39.0"
  resolved "https://registry.yarnpkg.com/@aws-cdk/aws-kms/-/aws-kms-0.39.0.tgz#77587f8c420d635381d40f254ff1d1388e7254ef"
  integrity sha512-er1Zb7fBOUzLoku0iz0UbCR0sA/xXP8zHh/xQ0c8mlqDdGkB+DdSLKjX5f6BjDjJTF2FiiXfsBpWWMCjRroszw==
  dependencies:
    "@aws-cdk/aws-iam" "^0.39.0"
    "@aws-cdk/core" "^0.39.0"

"@aws-cdk/aws-lambda@^0.39.0":
  version "0.39.0"
  resolved "https://registry.yarnpkg.com/@aws-cdk/aws-lambda/-/aws-lambda-0.39.0.tgz#012481a4e795ae2550ddeda3890c81de7dc15af4"
  integrity sha512-oQhurQ+NAIsgDNKwDbSXSBSK9bWDwtbanNeGpxjrkmqvCf/+4uhsHkFxCMOGG+JjMKmxPH0Z/nMz+T9po8KVdw==
  dependencies:
    "@aws-cdk/aws-cloudwatch" "^0.39.0"
    "@aws-cdk/aws-ec2" "^0.39.0"
    "@aws-cdk/aws-events" "^0.39.0"
    "@aws-cdk/aws-iam" "^0.39.0"
    "@aws-cdk/aws-logs" "^0.39.0"
    "@aws-cdk/aws-s3" "^0.39.0"
    "@aws-cdk/aws-s3-assets" "^0.39.0"
    "@aws-cdk/aws-sqs" "^0.39.0"
    "@aws-cdk/core" "^0.39.0"
    "@aws-cdk/cx-api" "^0.39.0"

"@aws-cdk/aws-logs@^0.39.0":
  version "0.39.0"
  resolved "https://registry.yarnpkg.com/@aws-cdk/aws-logs/-/aws-logs-0.39.0.tgz#460032b9bcf761dc885f66bc29ec9f3406e2d4bc"
  integrity sha512-ywvjJTuqcjG/fG8lYnd6v+Fy2Gok2M5Slet+tQHjXeLrT78110V40xiYEHW24NJOTATc8LVl3QhML9pxoMQoEQ==
  dependencies:
    "@aws-cdk/aws-cloudwatch" "^0.39.0"
    "@aws-cdk/aws-iam" "^0.39.0"
    "@aws-cdk/core" "^0.39.0"

"@aws-cdk/aws-route53-targets@^0.39.0":
  version "0.39.0"
  resolved "https://registry.yarnpkg.com/@aws-cdk/aws-route53-targets/-/aws-route53-targets-0.39.0.tgz#9e55980c9e7ad0210760d55b57715cc00b8ddc00"
  integrity sha512-f0uRSSgyzc/VhIHSNlYCnS6gYkYa/Ew8gpdquP217Hosy0vxpoOejhgxCEhkqIoYGG3T/TMl19Mkj/oZ9V9rrw==
  dependencies:
    "@aws-cdk/aws-apigateway" "^0.39.0"
    "@aws-cdk/aws-cloudfront" "^0.39.0"
    "@aws-cdk/aws-elasticloadbalancingv2" "^0.39.0"
    "@aws-cdk/aws-iam" "^0.39.0"
    "@aws-cdk/aws-route53" "^0.39.0"
    "@aws-cdk/core" "^0.39.0"

"@aws-cdk/aws-route53@^0.39.0":
  version "0.39.0"
  resolved "https://registry.yarnpkg.com/@aws-cdk/aws-route53/-/aws-route53-0.39.0.tgz#e785c473623b8b1c609636ec1e77b3ce73c9af78"
  integrity sha512-b6lliCpCMWzMJcZE3rgCYWggBxd+1qLl/JuYA8EBZFjQ8QuU4zHdUnSlZD7LXkDvDveVlnFkoN7onOKpbSJOAA==
  dependencies:
    "@aws-cdk/aws-ec2" "^0.39.0"
    "@aws-cdk/aws-logs" "^0.39.0"
    "@aws-cdk/core" "^0.39.0"
    "@aws-cdk/cx-api" "^0.39.0"

"@aws-cdk/aws-s3-assets@^0.39.0":
  version "0.39.0"
  resolved "https://registry.yarnpkg.com/@aws-cdk/aws-s3-assets/-/aws-s3-assets-0.39.0.tgz#758e559bbe6eca7f83ed19abae7fb0364b391ce6"
  integrity sha512-lDKEyxiRFg0Vh+72HBMKWtTsPaWO9JY2F98G5YseEzIu2tjIxvxzrFkl4O2XANinlsWPf7gKMeI9WS+CEWz1yQ==
  dependencies:
    "@aws-cdk/assets" "^0.39.0"
    "@aws-cdk/aws-iam" "^0.39.0"
    "@aws-cdk/aws-s3" "^0.39.0"
    "@aws-cdk/core" "^0.39.0"
    "@aws-cdk/cx-api" "^0.39.0"

"@aws-cdk/aws-s3@^0.39.0":
  version "0.39.0"
  resolved "https://registry.yarnpkg.com/@aws-cdk/aws-s3/-/aws-s3-0.39.0.tgz#8d474987a79dc77547d63d60456dc861b3b2ef1f"
  integrity sha512-FD2ZiyHBxVIqSgPDyMopc88jeFtiSAXi9uP4FjZ7WcNYnF/rNqhfSycCEjHvadrKhknvL+OREnIUdkHVfdXIOQ==
  dependencies:
    "@aws-cdk/aws-events" "^0.39.0"
    "@aws-cdk/aws-iam" "^0.39.0"
    "@aws-cdk/aws-kms" "^0.39.0"
    "@aws-cdk/core" "^0.39.0"

"@aws-cdk/aws-secretsmanager@^0.39.0":
  version "0.39.0"
  resolved "https://registry.yarnpkg.com/@aws-cdk/aws-secretsmanager/-/aws-secretsmanager-0.39.0.tgz#8e287ab49c3ed902e6c9abe4e1fe50437be136fa"
  integrity sha512-FFGVmucZNkrDVM0bIoFOVB8dv9j8uAGrCbORTXftK+Tv4UnLbq/k5PY7FoQ/ikgqmAlc7bwBD1AhGdG13g11tA==
  dependencies:
    "@aws-cdk/aws-ec2" "^0.39.0"
    "@aws-cdk/aws-iam" "^0.39.0"
    "@aws-cdk/aws-kms" "^0.39.0"
    "@aws-cdk/aws-lambda" "^0.39.0"
    "@aws-cdk/core" "^0.39.0"

"@aws-cdk/aws-servicediscovery@^0.39.0":
  version "0.39.0"
  resolved "https://registry.yarnpkg.com/@aws-cdk/aws-servicediscovery/-/aws-servicediscovery-0.39.0.tgz#7a54b02a9734119e04ac20f6fa9efcdefc396f98"
  integrity sha512-L84a7Qp11loX93T6girz5xHC7nswzKFMYu4G6y5RrJTjbs6d9fYrUe+r0/wmh77i2d7847PuWWQxbhuhB7Vq7g==
  dependencies:
    "@aws-cdk/aws-ec2" "^0.39.0"
    "@aws-cdk/aws-elasticloadbalancingv2" "^0.39.0"
    "@aws-cdk/aws-route53" "^0.39.0"
    "@aws-cdk/core" "^0.39.0"

"@aws-cdk/aws-sns-subscriptions@^0.39.0":
  version "0.39.0"
  resolved "https://registry.yarnpkg.com/@aws-cdk/aws-sns-subscriptions/-/aws-sns-subscriptions-0.39.0.tgz#694bfec4dd964bf609713f94ad29e2ca90b71306"
  integrity sha512-GpPhGFKJJBS9Cb/ShFKPddkxjIVAtXaup76H/exGaS//ASew0eQiablWHvRSs+p5GxxP9/FTjqOnq1NcyVjieQ==
  dependencies:
    "@aws-cdk/aws-iam" "^0.39.0"
    "@aws-cdk/aws-lambda" "^0.39.0"
    "@aws-cdk/aws-sns" "^0.39.0"
    "@aws-cdk/aws-sqs" "^0.39.0"
    "@aws-cdk/core" "^0.39.0"

"@aws-cdk/aws-sns@^0.39.0":
  version "0.39.0"
  resolved "https://registry.yarnpkg.com/@aws-cdk/aws-sns/-/aws-sns-0.39.0.tgz#34b780b46ee2d9de6a556a7276de5b195e53dc60"
  integrity sha512-5adPGkYCmMqjIMC/0YTzu7EiHhy4+WVrNZSEJ1RKzwMIa34Wjmev5fneOvrZNSrNrBzpoCftVbEAZBaJD0y6Kg==
  dependencies:
    "@aws-cdk/aws-cloudwatch" "^0.39.0"
    "@aws-cdk/aws-events" "^0.39.0"
    "@aws-cdk/aws-iam" "^0.39.0"
    "@aws-cdk/core" "^0.39.0"

"@aws-cdk/aws-sqs@^0.39.0":
  version "0.39.0"
  resolved "https://registry.yarnpkg.com/@aws-cdk/aws-sqs/-/aws-sqs-0.39.0.tgz#ab59b3620e2aa7bb4b07b102c4213c469ba8f4ae"
  integrity sha512-FA6UGvTN55VsF6IwfVXd6lA7xsxUWEie+06yPLSGcEaniuPId+Cvazo7BNQRLUhFz13778lyjThtnUwvBsbYUg==
  dependencies:
    "@aws-cdk/aws-cloudwatch" "^0.39.0"
    "@aws-cdk/aws-iam" "^0.39.0"
    "@aws-cdk/aws-kms" "^0.39.0"
    "@aws-cdk/core" "^0.39.0"

"@aws-cdk/aws-ssm@^0.39.0":
  version "0.39.0"
  resolved "https://registry.yarnpkg.com/@aws-cdk/aws-ssm/-/aws-ssm-0.39.0.tgz#6b27e2bc0c7bf2a575fbb216fd09111ced1c4e2f"
  integrity sha512-1oyjhNSv1BofVx9RxAEtfA8WYc5Dw7lgv6jZOaGZ+u7jrjh5WShCJtI5bkOasyKEYgAsk4nPRn2msu65wL8XWw==
  dependencies:
    "@aws-cdk/aws-iam" "^0.39.0"
    "@aws-cdk/core" "^0.39.0"
    "@aws-cdk/cx-api" "^0.39.0"

"@aws-cdk/aws-stepfunctions-tasks@^0.39.0":
  version "0.39.0"
  resolved "https://registry.yarnpkg.com/@aws-cdk/aws-stepfunctions-tasks/-/aws-stepfunctions-tasks-0.39.0.tgz#3785ea0bec279f4ed22dc546ed59f40797dd8bca"
  integrity sha512-xsJNk+GBb2itN5RQCIiKvDrSU/63HCMFHsdl71h+rWtmZQ4rhymMqdGFcsqvQMbJwUv6dG1mVxclC57VZRGwiA==
  dependencies:
    "@aws-cdk/assets" "^0.39.0"
    "@aws-cdk/aws-cloudwatch" "^0.39.0"
    "@aws-cdk/aws-ec2" "^0.39.0"
    "@aws-cdk/aws-ecr" "^0.39.0"
    "@aws-cdk/aws-ecr-assets" "^0.39.0"
    "@aws-cdk/aws-ecs" "^0.39.0"
    "@aws-cdk/aws-iam" "^0.39.0"
    "@aws-cdk/aws-kms" "^0.39.0"
    "@aws-cdk/aws-lambda" "^0.39.0"
    "@aws-cdk/aws-s3" "^0.39.0"
    "@aws-cdk/aws-sns" "^0.39.0"
    "@aws-cdk/aws-sqs" "^0.39.0"
    "@aws-cdk/aws-stepfunctions" "^0.39.0"
    "@aws-cdk/core" "^0.39.0"

"@aws-cdk/aws-stepfunctions@^0.39.0":
  version "0.39.0"
  resolved "https://registry.yarnpkg.com/@aws-cdk/aws-stepfunctions/-/aws-stepfunctions-0.39.0.tgz#c740ce349c1ce06420b3cb807bc0300589963622"
  integrity sha512-+dfdqkhhSXjDXvpwl2iaApM+imer4Xj3c1WRFMVwV7ML9bA09eQGDhWYOxnP2NmtRyuY3N1qcDMCuKRMuOKcJA==
  dependencies:
    "@aws-cdk/aws-cloudwatch" "^0.39.0"
    "@aws-cdk/aws-events" "^0.39.0"
    "@aws-cdk/aws-iam" "^0.39.0"
    "@aws-cdk/core" "^0.39.0"

"@aws-cdk/core@^0.39.0":
  version "0.39.0"
  resolved "https://registry.yarnpkg.com/@aws-cdk/core/-/core-0.39.0.tgz#a63cd5dcfe762aa6e7260ddff7bb039bd6c21ce2"
  integrity sha512-pxPScMNfywUauNrrXuCjvLIDZTKm08ltfUy+GLzAyo/Lmn1p8OgClyco2jOQMy2CreZVTxnVeMuYchQgqjXEcA==
  dependencies:
    "@aws-cdk/cx-api" "^0.39.0"

"@aws-cdk/cx-api@^0.39.0":
  version "0.39.0"
  resolved "https://registry.yarnpkg.com/@aws-cdk/cx-api/-/cx-api-0.39.0.tgz#3567c04f867ba2ca1725ce02e77791394c4442cd"
  integrity sha512-u2bxYxM7YSWHZVqegcGsyLtFiqYjsMCweJSwYgG6d2iqlCyFz6v5CVoEpaGk9q/Q36KV7gJlep7vPc74FmkwKg==
  dependencies:
    semver "^6.1.1"

"@aws-cdk/region-info@^0.39.0":
  version "0.39.0"
  resolved "https://registry.yarnpkg.com/@aws-cdk/region-info/-/region-info-0.39.0.tgz#70f18f60d82ab458d8229446446af4b835589c91"
  integrity sha512-/ZMkQPQsTXpwzkCjWfHmHwyBHv6R49l1dmllIvikwmZWo2pTu8LYMgCdZEnMcYcxzIn3Fke30JAGpNs0x+kMag==

balanced-match@^1.0.0:
  version "1.0.0"
  resolved "https://registry.yarnpkg.com/balanced-match/-/balanced-match-1.0.0.tgz#89b4d199ab2bee49de164ea02b89ce462d71b767"
  integrity sha1-ibTRmasr7kneFk6gK4nORi1xt2c=

brace-expansion@^1.1.7:
  version "1.1.11"
  resolved "https://registry.yarnpkg.com/brace-expansion/-/brace-expansion-1.1.11.tgz#3c7fcbf529d87226f3d2f52b966ff5271eb441dd"
  integrity sha512-iCuPHDFgrHX7H2vEI/5xpz07zSHB00TpugqhmYtVmMO6518mCuRMoOYFldEBl0g187ufozdaHgWKcYFb61qGiA==
  dependencies:
    balanced-match "^1.0.0"
    concat-map "0.0.1"

concat-map@0.0.1:
  version "0.0.1"
  resolved "https://registry.yarnpkg.com/concat-map/-/concat-map-0.0.1.tgz#d8a96bd77fd68df7793a73036a3ba0d5405d477b"
  integrity sha1-2Klr13/Wjfd5OnMDajug1UBdR3s=

minimatch@^3.0.4:
  version "3.0.4"
  resolved "https://registry.yarnpkg.com/minimatch/-/minimatch-3.0.4.tgz#5166e286457f03306064be5497e8dbb0c3d32083"
  integrity sha512-yJHVQEhyqPLUTgt9B83PXu6W3rx4MvvHvSUvToogpwoGDOUQ+yDrR0HRot+yOCdCO7u4hX3pWft6kWBBcqh0UA==
  dependencies:
    brace-expansion "^1.1.7"

semver@^6.1.1:
  version "6.2.0"
  resolved "https://registry.yarnpkg.com/semver/-/semver-6.2.0.tgz#4d813d9590aaf8a9192693d6c85b9344de5901db"
  integrity sha512-jdFC1VdUGT/2Scgbimf7FSx9iJLXoqfglSF+gJeuNWVpiE37OIbc1jywR/GJyFdz3mnkz2/id0L0J/cr0izR5A==
